
Microsoft Visual Studio Solution File, Format Version 12.00
# Visual Studio Version 16
VisualStudioVersion = 25.0.1706.4
MinimumVisualStudioVersion = 10.0.40219.1
Project("{FAE04EC0-301F-11D3-BF4B-00C04F79EFBC}") = "FirstMaui", "FirstMaui\FirstMaui.csproj", "{AA7E7F45-804B-4FF2-85EA-24CB9C6D27D4}"
EndProject
Global
	GlobalSection(SolutionConfigurationPlatforms) = preSolution
		Debug|Any CPU = Debug|Any CPU
		Release|Any CPU = Release|Any CPU
	EndGlobalSection
	GlobalSection(ProjectConfigurationPlatforms) = postSolution
		{AA7E7F45-804B-4FF2-85EA-24CB9C6D27D4}.Debug|Any CPU.ActiveCfg = Debug|Any CPU
		{AA7E7F45-804B-4FF2-85EA-24CB9C6D27D4}.Debug|Any CPU.Build.0 = Debug|Any CPU
		{AA7E7F45-804B-4FF2-85EA-24CB9C6D27D4}.Release|Any CPU.ActiveCfg = Release|Any CPU
		{AA7E7F45-804B-4FF2-85EA-24CB9C6D27D4}.Release|Any CPU.Build.0 = Release|Any CPU
	EndGlobalSection
	GlobalSection(SolutionProperties) = preSolution
		HideSolutionNode = FALSE
	EndGlobalSection
	GlobalSection(ExtensibilityGlobals) = postSolution
		SolutionGuid = {BF4F4C19-801C-45DF-A78F-14C02F7E9A18}
	EndGlobalSection
EndGlobal
